<?xml version="1.0" encoding="utf-8"?>
<Project ToolsVersion="15.0" xmlns="http://schemas.microsoft.com/developer/msbuild/2003">
  <ItemGroup>
    <ClCompile Include="CheckRelay.cpp" />
    <ClCompile Include="InterCHeck.cpp" />
    <ClCompile Include="OutShowCheck.cpp" />
    <ClCompile Include="QT_FrontCheckClass.cpp" />
    <ClCompile Include="QtGuiSetting.cpp">
      <Filter>Source Files</Filter>
    </ClCompile>
    <ClCompile Include="QMyTreeWidget.cpp">
      <Filter>Source Files</Filter>
    </ClCompile>
  </ItemGroup>
  <ItemGroup>
    <ClInclude Include="OpencvRelay.h" />
    <ClInclude Include="pillCheck.h" />
    <ClInclude Include="resource.h" />
    <ClInclude Include="CheckRelay.h" />
    <ClInclude Include="QT_FrontCheckClass_global.h" />
  </ItemGroup>
  <ItemGroup>
    <ResourceCompile Include="QT_FrontCheckClass.rc" />
  </ItemGroup>
  <ItemGroup>
    <Image Include="..\NewUI_Demo\dr.ico" />
  </ItemGroup>
  <ItemGroup>
    <QtMoc Include="QtGuiSetting.h" />
    <QtMoc Include="InterCHeck.h" />
    <QtMoc Include="OutShowCheck.h" />
    <QtMoc Include="QT_FrontCheckClass.h" />
    <QtMoc Include="QMyTreeWidget.h">
      <Filter>Header Files</Filter>
    </QtMoc>
  </ItemGroup>
  <ItemGroup>
    <QtUic Include="QtGuiSetting.ui" />
  </ItemGroup>
  <ItemGroup>
    <Filter Include="Source Files">
      <UniqueIdentifier>{4FC737F1-C7A5-4376-A066-2A32D752A2FF}</UniqueIdentifier>
      <Extensions>cpp;c;cc;cxx;def;odl;idl;hpj;bat;asm;asmx</Extensions>
      <ParseFiles>true</ParseFiles>
    </Filter>
    <Filter Include="Header Files">
      <UniqueIdentifier>{93995380-89BD-4b04-88EB-625FBE52EBFB}</UniqueIdentifier>
      <Extensions>h;hh;hpp;hxx;hm;inl;inc;xsd</Extensions>
      <ParseFiles>true</ParseFiles>
    </Filter>
  </ItemGroup>
</Project>